
Microsoft Visual Studio Solution File, Format Version 12.00
# Visual Studio Version 17
VisualStudioVersion = 17.11.35327.3
MinimumVisualStudioVersion = 10.0.40219.1
Project("{FAE04EC0-301F-11D3-BF4B-00C04F79EFBC}") = "EmployeeService", "EmployeeService\EmployeeService.csproj", "{4655D4DD-9259-49FD-B7DF-4649CEB1195D}"
EndProject
Project("{FAE04EC0-301F-11D3-BF4B-00C04F79EFBC}") = "EmployeeService.DAL", "EmployeeService.DAL\EmployeeService.DAL.csproj", "{23DD42EF-AEC5-4E38-B994-0DA35FA7CF2A}"
EndProject
Project("{FAE04EC0-301F-11D3-BF4B-00C04F79EFBC}") = "EmployeeService.BLL", "EmployeeService.BLL\EmployeeService.BLL.csproj", "{58DB92D5-1C80-4E1E-8F9D-F6A1E53601E0}"
EndProject
Global
	GlobalSection(SolutionConfigurationPlatforms) = preSolution
		Debug|Any CPU = Debug|Any CPU
		Release|Any CPU = Release|Any CPU
	EndGlobalSection
	GlobalSection(ProjectConfigurationPlatforms) = postSolution
		{4655D4DD-9259-49FD-B7DF-4649CEB1195D}.Debug|Any CPU.ActiveCfg = Debug|Any CPU
		{4655D4DD-9259-49FD-B7DF-4649CEB1195D}.Debug|Any CPU.Build.0 = Debug|Any CPU
		{4655D4DD-9259-49FD-B7DF-4649CEB1195D}.Release|Any CPU.ActiveCfg = Release|Any CPU
		{4655D4DD-9259-49FD-B7DF-4649CEB1195D}.Release|Any CPU.Build.0 = Release|Any CPU
		{23DD42EF-AEC5-4E38-B994-0DA35FA7CF2A}.Debug|Any CPU.ActiveCfg = Debug|Any CPU
		{23DD42EF-AEC5-4E38-B994-0DA35FA7CF2A}.Debug|Any CPU.Build.0 = Debug|Any CPU
		{23DD42EF-AEC5-4E38-B994-0DA35FA7CF2A}.Release|Any CPU.ActiveCfg = Release|Any CPU
		{23DD42EF-AEC5-4E38-B994-0DA35FA7CF2A}.Release|Any CPU.Build.0 = Release|Any CPU
		{58DB92D5-1C80-4E1E-8F9D-F6A1E53601E0}.Debug|Any CPU.ActiveCfg = Debug|Any CPU
		{58DB92D5-1C80-4E1E-8F9D-F6A1E53601E0}.Debug|Any CPU.Build.0 = Debug|Any CPU
		{58DB92D5-1C80-4E1E-8F9D-F6A1E53601E0}.Release|Any CPU.ActiveCfg = Release|Any CPU
		{58DB92D5-1C80-4E1E-8F9D-F6A1E53601E0}.Release|Any CPU.Build.0 = Release|Any CPU
	EndGlobalSection
	GlobalSection(SolutionProperties) = preSolution
		HideSolutionNode = FALSE
	EndGlobalSection
	GlobalSection(ExtensibilityGlobals) = postSolution
		SolutionGuid = {95E251E5-0552-451C-AA99-929AD1EC4E8C}
	EndGlobalSection
EndGlobal
